
Microsoft Visual Studio Solution File, Format Version 12.00
# Visual Studio Version 17
VisualStudioVersion = 17.9.34728.123
MinimumVisualStudioVersion = 10.0.40219.1
Project("{FAE04EC0-301F-11D3-BF4B-00C04F79EFBC}") = "GymSystemAPI", "GymSystemAPI\GymSystemAPI.csproj", "{5F4069C8-DC12-4295-A304-1116EF21042B}"
EndProject
Global
	GlobalSection(SolutionConfigurationPlatforms) = preSolution
		Debug|Any CPU = Debug|Any CPU
		Release|Any CPU = Release|Any CPU
	EndGlobalSection
	GlobalSection(ProjectConfigurationPlatforms) = postSolution
		{5F4069C8-DC12-4295-A304-1116EF21042B}.Debug|Any CPU.ActiveCfg = Debug|Any CPU
		{5F4069C8-DC12-4295-A304-1116EF21042B}.Debug|Any CPU.Build.0 = Debug|Any CPU
		{5F4069C8-DC12-4295-A304-1116EF21042B}.Release|Any CPU.ActiveCfg = Release|Any CPU
		{5F4069C8-DC12-4295-A304-1116EF21042B}.Release|Any CPU.Build.0 = Release|Any CPU
	EndGlobalSection
	GlobalSection(SolutionProperties) = preSolution
		HideSolutionNode = FALSE
	EndGlobalSection
	GlobalSection(ExtensibilityGlobals) = postSolution
		SolutionGuid = {809793FF-7453-4ABF-9507-FB9FF38FEB04}
	EndGlobalSection
EndGlobal
